schema: '2.0'
stages:
  train:
    cmd: python pipeline/training_pipeline.py
    deps:
    - path: artifacts/raw
      hash: md5
      md5: 8b2b1800c287f9cf7891e6b55fcfa6de.dir
      size: 160848565
      nfiles: 3
    - path: config/paths_config.py
      hash: md5
      md5: e73b647c9e62d9f928e78f57927f5ae6
      size: 1553
    - path: pipeline/training_pipeline.py
      hash: md5
      md5: 14843a57f3ff3dbcd61a41065f9cd235
      size: 515
    - path: src/data_ingestion.py
      hash: md5
      md5: ba5a3fb523adf8c23a7dcf294e7d7486
      size: 3650
    - path: src/data_processing.py
      hash: md5
      md5: 1e0246b63c5d21fb87058fda697f1f11
      size: 7018
    - path: src/model_training.py
      hash: md5
      md5: e64ab568fa12360cb54417473f7f1834
      size: 5329
    - path: utils/common_functions.py
      hash: md5
      md5: 23b5a4514c7ceec712121b6852fdd290
      size: 951
    outs:
    - path: artifacts/model
      hash: md5
      md5: a46e44e58dca5a09a2ca4b46b8c8bd57.dir
      size: 37269912
      nfiles: 1
    - path: artifacts/model_checkpoints
      hash: md5
      md5: 32187f1029a51f1561966ade191e83fa.dir
      size: 37268856
      nfiles: 1
    - path: artifacts/processed
      hash: md5
      md5: 039eb0e3c14bc07b6634d82a13e56b56.dir
      size: 309520337
      nfiles: 11
    - path: artifacts/weights
      hash: md5
      md5: 6a76f0bed5c648078f6a5e5a80b8c99a.dir
      size: 12411362
      nfiles: 2
