schema: '2.0'
stages:
  train:
    cmd: python pipeline/training_pipeline.py
    deps:
    - path: artifacts/raw
      hash: md5
      md5: 8fa6ea8a6da9adc47c3108d4855ba2ff.dir
      size: 104148937
      nfiles: 3
    - path: config/paths_config.py
      hash: md5
      md5: e73b647c9e62d9f928e78f57927f5ae6
      size: 1553
    - path: pipeline/training_pipeline.py
      hash: md5
      md5: 14843a57f3ff3dbcd61a41065f9cd235
      size: 515
    - path: src/data_ingestion.py
      hash: md5
      md5: 3f444fe77404dca47806b9339342eb0f
      size: 3650
    - path: src/data_processing.py
      hash: md5
      md5: 1e0246b63c5d21fb87058fda697f1f11
      size: 7018
    - path: src/model_training.py
      hash: md5
      md5: a787148fe515ced8e2769bf7851b401a
      size: 5319
    - path: utils/common_functions.py
      hash: md5
      md5: 23b5a4514c7ceec712121b6852fdd290
      size: 951
    outs:
    - path: artifacts/model
      hash: md5
      md5: 89f13981c475e460f831f624bc1ff319.dir
      size: 32833944
      nfiles: 1
    - path: artifacts/model_checkpoints
      hash: md5
      md5: e0cd186c095e23c910c062dd16b7de51.dir
      size: 32832888
      nfiles: 1
    - path: artifacts/processed
      hash: md5
      md5: 30bea8cad3d963ae92e1d3aff05aacb4.dir
      size: 194629106
      nfiles: 11
    - path: artifacts/weights
      hash: md5
      md5: bba9c8815a297a1f26ec1670cdd64407.dir
      size: 10932706
      nfiles: 2
